PODS:
  - Flutter (1.0.0)
  - flutter_openim_sdk (0.0.1):
    - Flutter

DEPENDENCIES:
  - Flutter (from `Flutter`)
  - flutter_openim_sdk (from `.symlinks/plugins/flutter_openim_sdk/ios`)

EXTERNAL SOURCES:
  Flutter:
    :path: Flutter
  flutter_openim_sdk:
    :path: ".symlinks/plugins/flutter_openim_sdk/ios"

SPEC CHECKSUMS:
  Flutter: 50d75fe2f02b26cc09d224853bb45737f8b3214a
  flutter_openim_sdk: fb45777c3d642ea4921f6687c8a4fac41c025eda

PODFILE CHECKSUM: aafe91acc616949ddb318b77800a7f51bffa2a4c

COCOAPODS: 1.11.2
